
Microsoft Visual Studio Solution File, Format Version 12.00
# Visual Studio Version 17
VisualStudioVersion = 17.2.32516.85
MinimumVisualStudioVersion = 10.0.40219.1
Project("{FAE04EC0-301F-11D3-BF4B-00C04F79EFBC}") = "CQRS-medator", "CQRS-medator\CQRS-medator.csproj", "{30AB3901-E686-42EC-B44D-9A033C1FF333}"
EndProject
Global
	GlobalSection(SolutionConfigurationPlatforms) = preSolution
		Debug|Any CPU = Debug|Any CPU
		Release|Any CPU = Release|Any CPU
	EndGlobalSection
	GlobalSection(ProjectConfigurationPlatforms) = postSolution
		{30AB3901-E686-42EC-B44D-9A033C1FF333}.Debug|Any CPU.ActiveCfg = Debug|Any CPU
		{30AB3901-E686-42EC-B44D-9A033C1FF333}.Debug|Any CPU.Build.0 = Debug|Any CPU
		{30AB3901-E686-42EC-B44D-9A033C1FF333}.Release|Any CPU.ActiveCfg = Release|Any CPU
		{30AB3901-E686-42EC-B44D-9A033C1FF333}.Release|Any CPU.Build.0 = Release|Any CPU
	EndGlobalSection
	GlobalSection(SolutionProperties) = preSolution
		HideSolutionNode = FALSE
	EndGlobalSection
	GlobalSection(ExtensibilityGlobals) = postSolution
		SolutionGuid = {50136FD6-6AE4-4376-A9A7-D5170174753A}
	EndGlobalSection
EndGlobal
